github.com/SonicRoshan/straf v1.0.3 h1:iMqe2cCX1kAvvluw75DF5yKG5Maujef+mgxMV5rdLnU=
github.com/SonicRoshan/straf v2.0.0+incompatible h1:vVTIgqoClTiG4v9HOJevsoD+gNxkuc1bB+D6oTHNrew=
github.com/SonicRoshan/straf v2.0.0+incompatible/go.mod h1:g3kp5UNrljuSZFiph4NEBWoK80Xt8Z0MQ9SCf7CrBlg=
github.com/cescoferraro/structql v0.0.0-20200422111404-a08bfa30328b h1:gqMSWKphovxB0tf3Z02yech52zNukRVkxkM5SGIf2TM=
github.com/cescoferraro/structql v0.0.0-20200422111404-a08bfa30328b/go.mod h1:X/aW7MAjlP8/eAeC5+O+D2KuVnI5dPIAHWTSEEREEUM=
github.com/cescoferraro/structql v0.0.0-20200422112426-72de44a22d79 h1:scanwopKxUVtohYrbE3osDHOh5gtmIoe6swoVqroB2Y=
github.com/cescoferraro/structql v0.0.0-20200422112426-72de44a22d79/go.mod h1:X/aW7MAjlP8/eAeC5+O+D2KuVnI5dPIAHWTSEEREEUM=
github.com/globalsign/mgo v0.0.0-20181015135952-eeefdecb41b8 h1:DujepqpGd1hyOd7aW59XpK7Qymp8iy83xq74fLr21is=
github.com/globalsign/mgo v0.0.0-20181015135952-eeefdecb41b8/go.mod h1:xkRDCp4j0OGD1HRkm4kmhM+pmpv3AKq5SU7GMg4oO/Q=
github.com/go-chi/chi v3.1.5+incompatible h1:TcUFIZz4n9dleJjD6lxsoqPJDiEVQEWcNjj3mevAEFQ=
github.com/go-chi/chi v3.1.5+incompatible/go.mod h1:eB3wogJHnLi3x/kFX2A+IbTBlXxmMeXJVKy9tTv1XzQ=
github.com/go-chi/render v1.0.1 h1:4/5tis2cKaNdnv9zFLfXzcquC9HbeZgCnxGnKrltBS8=
github.com/go-chi/render v1.0.1/go.mod h1:pq4Rr7HbnsdaeHagklXub+p6Wd16Af5l9koip1OvJns=
github.com/golang/protobuf v0.0.0-20170808021621-1909bc2f63dc h1:yJqJ8hxlsTlElj2s+4eWqjrDiJxi9CXihOaCjgxl9K0=
github.com/golang/protobuf v0.0.0-20170808021621-1909bc2f63dc/go.mod h1:6lQm79b+lXiMfvg/cZm0SGofjICqVBUtrP5yJMmIC1U=
github.com/gorilla/websocket v1.2.0 h1:VJtLvh6VQym50czpZzx07z/kw9EgAxI3x1ZB8taTMQQ=
github.com/gorilla/websocket v1.2.0/go.mod h1:E7qHFY5m1UJ88s3WnNqhKjPHQ0heANvMoAMk2YaljkQ=
github.com/graphql-go/graphql v0.7.9 h1:5Va/Rt4l5g3YjwDnid3vFfn43faaQBq7rMcIZ0VnV34=
github.com/graphql-go/graphql v0.7.9/go.mod h1:k6yrAYQaSP59DC5UVxbgxESlmVyojThKdORUqGDGmrI=
github.com/graphql-go/handler v0.2.3 h1:CANh8WPnl5M9uA25c2GBhPqJhE53Fg0Iue/fRNla71E=
github.com/graphql-go/handler v0.2.3/go.mod h1:leLF6RpV5uZMN1CdImAxuiayrYYhOk33bZciaUGaXeU=
github.com/lab259/go-graphql-struct v1.0.2 h1:O+9wfPwpy+FRWUnMA8Y90c7J3aS2weTxxYYglxKNH1s=
github.com/lab259/go-graphql-struct v1.0.2/go.mod h1:kIA3i4AHraNzZdMQxiJ5QRgPljczfKXqRXE1F1BJ83c=
github.com/pkg/errors v0.8.0 h1:WdK/asTD0HN+q6hsWO3/vpuAkAr+tw6aNJNDFFf0+qw=
github.com/pkg/errors v0.8.0/go.mod h1:bwawxfHBFNV+L2hUp1rHADufV3IMtnDRdf1r5NINEl0=
github.com/pressly/chi v3.0.0+incompatible h1:rxmSn7a9cawCIcyHMjGjmw72Yo5dcw2NFqT8CWZ882M=
github.com/pressly/chi v3.0.0+incompatible/go.mod h1:s/kslmeFE633XtTPvfX2olbs4ymzIHxGGXmEJ/AvPT8=
github.com/zmb3/spotify v0.0.0-20170728001740-69bbd6f6bcb8 h1:hJyL35DLf0qbwbGwVUBLEyoOrwAArxKJskfhetVPZRA=
github.com/zmb3/spotify v0.0.0-20170728001740-69bbd6f6bcb8/go.mod h1:pHsWAmY9PfX7i/uwPZkmWrebc8JbK8FppKbvyevwzSU=
golang.org/x/net v0.0.0-20170808001146-945ddfdd3bb8 h1:rY3zOz+O/7Z4VCrFnSmJUT94LBjpXMwLE0pwEoB/SFI=
golang.org/x/net v0.0.0-20170808001146-945ddfdd3bb8/go.mod h1:mL1N/T3taQHkDXs73rZJwtUhF3w3ftmwwsq0BUmARs4=
golang.org/x/oauth2 v0.0.0-20170807180024-9a379c6b3e95 h1:RS+wSrhdVci7CsPwJaMN8exaP3UTuQU0qB34R/E/JD0=
golang.org/x/oauth2 v0.0.0-20170807180024-9a379c6b3e95/go.mod h1:N/0e6XlmueqKjAGxoOufVs8QHGRruUQn6yWY3a++T0U=
google.golang.org/appengine v1.0.0 h1:dN4LljjBKVChsv0XCSI+zbyzdqrkEwX5LQFUMRSGqOc=
google.golang.org/appengine v1.0.0/go.mod h1:EbEs0AVv82hx2wNQdGPgUI5lhzA/G0D9YwlJXL52JkM=
gopkg.in/mgo.v2 v2.0.0-20190816093944-a6b53ec6cb22 h1:VpOs+IwYnYBaFnrNAeB8UUWtL3vEUnzSCL1nVjPhqrw=
gopkg.in/mgo.v2 v2.0.0-20190816093944-a6b53ec6cb22/go.mod h1:yeKp02qBN3iKW1OzL3MGk2IdtZzaj7SFntXj72NppTA=
